Microsoft Visual Studio Solution File, Format Version 12.00
# Visual Studio Version 16
VisualStudioVersion = 16.0.30621.155
MinimumVisualStudioVersion = 10.0.40219.1
Project("{9A19103F-16F7-4668-BE54-9A1E7A4F7556}") = "project551", "project551\project551.csproj", "{F82E5B77-B734-4C95-9820-735AF8DB8E8C}"
EndProject
Project("{9A19103F-16F7-4668-BE54-9A1E7A4F7556}") = "DataAccess", "DataAccess\DataAccess.csproj", "{19EAAE18-6EB0-4D8F-8714-151728312B52}"
EndProject
Project("{FAE04EC0-301F-11D3-BF4B-00C04F79EFBC}") = "Business", "Business\Business.csproj", "{B8D7580B-38B8-4EDE-87BF-19D7EBC2DBF1}"
EndProject
Project("{FAE04EC0-301F-11D3-BF4B-00C04F79EFBC}") = "Models", "Models\Models.csproj", "{ACA5C22D-3435-487D-A54C-B23F49FF8353}"
EndProject
Global
	GlobalSection(SolutionConfigurationPlatforms) = preSolution
		Debug|Any CPU = Debug|Any CPU
		Release|Any CPU = Release|Any CPU
	EndGlobalSection
	GlobalSection(ProjectConfigurationPlatforms) = postSolution
		{F82E5B77-B734-4C95-9820-735AF8DB8E8C}.Debug|Any CPU.ActiveCfg = Debug|Any CPU
		{F82E5B77-B734-4C95-9820-735AF8DB8E8C}.Debug|Any CPU.Build.0 = Debug|Any CPU
		{F82E5B77-B734-4C95-9820-735AF8DB8E8C}.Release|Any CPU.ActiveCfg = Release|Any CPU
		{F82E5B77-B734-4C95-9820-735AF8DB8E8C}.Release|Any CPU.Build.0 = Release|Any CPU
		{19EAAE18-6EB0-4D8F-8714-151728312B52}.Debug|Any CPU.ActiveCfg = Debug|Any CPU
		{19EAAE18-6EB0-4D8F-8714-151728312B52}.Debug|Any CPU.Build.0 = Debug|Any CPU
		{19EAAE18-6EB0-4D8F-8714-151728312B52}.Release|Any CPU.ActiveCfg = Release|Any CPU
		{19EAAE18-6EB0-4D8F-8714-151728312B52}.Release|Any CPU.Build.0 = Release|Any CPU
		{B8D7580B-38B8-4EDE-87BF-19D7EBC2DBF1}.Debug|Any CPU.ActiveCfg = Debug|Any CPU
		{B8D7580B-38B8-4EDE-87BF-19D7EBC2DBF1}.Debug|Any CPU.Build.0 = Debug|Any CPU
		{B8D7580B-38B8-4EDE-87BF-19D7EBC2DBF1}.Release|Any CPU.ActiveCfg = Release|Any CPU
		{B8D7580B-38B8-4EDE-87BF-19D7EBC2DBF1}.Release|Any CPU.Build.0 = Release|Any CPU
		{ACA5C22D-3435-487D-A54C-B23F49FF8353}.Debug|Any CPU.ActiveCfg = Debug|Any CPU
		{ACA5C22D-3435-487D-A54C-B23F49FF8353}.Debug|Any CPU.Build.0 = Debug|Any CPU
		{ACA5C22D-3435-487D-A54C-B23F49FF8353}.Release|Any CPU.ActiveCfg = Release|Any CPU
		{ACA5C22D-3435-487D-A54C-B23F49FF8353}.Release|Any CPU.Build.0 = Release|Any CPU
	EndGlobalSection
	GlobalSection(SolutionProperties) = preSolution
		HideSolutionNode = FALSE
	EndGlobalSection
	GlobalSection(ExtensibilityGlobals) = postSolution
		SolutionGuid = {943FE292-720D-41DD-86CF-A943B34083B6}
	EndGlobalSection
EndGlobal
